
Microsoft Visual Studio Solution File, Format Version 12.00
# Visual Studio Version 16
VisualStudioVersion = 16.0.31005.135
MinimumVisualStudioVersion = 10.0.40219.1
Project("{FAE04EC0-301F-11D3-BF4B-00C04F79EFBC}") = "ClassLibraryNUnit", "ClassLibraryNUnit\ClassLibraryNUnit.csproj", "{986CCCC9-46EC-4E85-B7A9-547354D395C4}"
EndProject
Project("{FAE04EC0-301F-11D3-BF4B-00C04F79EFBC}") = "ClassLibraryNUnit.Tests", "ClassLibraryNUnit.Tests\ClassLibraryNUnit.Tests.csproj", "{9B0383B5-1168-43DF-B312-FE897314ED1A}"
EndProject
Global
	GlobalSection(SolutionConfigurationPlatforms) = preSolution
		Debug|Any CPU = Debug|Any CPU
		Release|Any CPU = Release|Any CPU
	EndGlobalSection
	GlobalSection(ProjectConfigurationPlatforms) = postSolution
		{986CCCC9-46EC-4E85-B7A9-547354D395C4}.Debug|Any CPU.ActiveCfg = Debug|Any CPU
		{986CCCC9-46EC-4E85-B7A9-547354D395C4}.Debug|Any CPU.Build.0 = Debug|Any CPU
		{986CCCC9-46EC-4E85-B7A9-547354D395C4}.Release|Any CPU.ActiveCfg = Release|Any CPU
		{986CCCC9-46EC-4E85-B7A9-547354D395C4}.Release|Any CPU.Build.0 = Release|Any CPU
		{9B0383B5-1168-43DF-B312-FE897314ED1A}.Debug|Any CPU.ActiveCfg = Debug|Any CPU
		{9B0383B5-1168-43DF-B312-FE897314ED1A}.Debug|Any CPU.Build.0 = Debug|Any CPU
		{9B0383B5-1168-43DF-B312-FE897314ED1A}.Release|Any CPU.ActiveCfg = Release|Any CPU
		{9B0383B5-1168-43DF-B312-FE897314ED1A}.Release|Any CPU.Build.0 = Release|Any CPU
	EndGlobalSection
	GlobalSection(SolutionProperties) = preSolution
		HideSolutionNode = FALSE
	EndGlobalSection
	GlobalSection(ExtensibilityGlobals) = postSolution
		SolutionGuid = {83782E61-99FE-4BF4-B1DA-8FC7A03A0D70}
	EndGlobalSection
EndGlobal
